
Microsoft Visual Studio Solution File, Format Version 12.00
# Visual Studio Version 16
VisualStudioVersion = 16.0.29613.14
MinimumVisualStudioVersion = 10.0.40219.1
Project("{FAE04EC0-301F-11D3-BF4B-00C04F79EFBC}") = "WebAdver.Web", "WebAdver.Web.csproj", "{2934556B-4EB8-422F-BDFD-BD4D50615BBB}"
EndProject
Global
	GlobalSection(SolutionConfigurationPlatforms) = preSolution
		Debug|Any CPU = Debug|Any CPU
		Release|Any CPU = Release|Any CPU
	EndGlobalSection
	GlobalSection(ProjectConfigurationPlatforms) = postSolution
		{2934556B-4EB8-422F-BDFD-BD4D50615BBB}.Debug|Any CPU.ActiveCfg = Debug|Any CPU
		{2934556B-4EB8-422F-BDFD-BD4D50615BBB}.Debug|Any CPU.Build.0 = Debug|Any CPU
		{2934556B-4EB8-422F-BDFD-BD4D50615BBB}.Release|Any CPU.ActiveCfg = Release|Any CPU
		{2934556B-4EB8-422F-BDFD-BD4D50615BBB}.Release|Any CPU.Build.0 = Release|Any CPU
	EndGlobalSection
	GlobalSection(SolutionProperties) = preSolution
		HideSolutionNode = FALSE
	EndGlobalSection
	GlobalSection(ExtensibilityGlobals) = postSolution
		SolutionGuid = {618BF4BC-F9FD-43F8-B3EB-D4E1E72804CB}
	EndGlobalSection
EndGlobal
